
Microsoft Visual Studio Solution File, Format Version 12.00
# Visual Studio 15
Project("{FAE04EC0-301F-11D3-BF4B-00C04F79EFBC}") = "Assembly-CSharp", "Assembly-CSharp.csproj", "{93C8F7B1-0DAF-0592-3BED-76D34D00D143}"
EndProject
Project("{FAE04EC0-301F-11D3-BF4B-00C04F79EFBC}") = "Assembly-CSharp-Editor", "Assembly-CSharp-Editor.csproj", "{C5C2E17F-2603-AC4F-F9BF-7CD4042AFE90}"
EndProject
Global
	GlobalSection(SolutionConfigurationPlatforms) = preSolution
		Debug|Any CPU = Debug|Any CPU
		Release|Any CPU = Release|Any CPU
	EndGlobalSection
	GlobalSection(ProjectConfigurationPlatforms) = postSolution
		{93C8F7B1-0DAF-0592-3BED-76D34D00D143}.Debug|Any CPU.ActiveCfg = Debug|Any CPU
		{93C8F7B1-0DAF-0592-3BED-76D34D00D143}.Debug|Any CPU.Build.0 = Debug|Any CPU
		{93C8F7B1-0DAF-0592-3BED-76D34D00D143}.Release|Any CPU.ActiveCfg = Release|Any CPU
		{93C8F7B1-0DAF-0592-3BED-76D34D00D143}.Release|Any CPU.Build.0 = Release|Any CPU
		{C5C2E17F-2603-AC4F-F9BF-7CD4042AFE90}.Debug|Any CPU.ActiveCfg = Debug|Any CPU
		{C5C2E17F-2603-AC4F-F9BF-7CD4042AFE90}.Debug|Any CPU.Build.0 = Debug|Any CPU
		{C5C2E17F-2603-AC4F-F9BF-7CD4042AFE90}.Release|Any CPU.ActiveCfg = Release|Any CPU
		{C5C2E17F-2603-AC4F-F9BF-7CD4042AFE90}.Release|Any CPU.Build.0 = Release|Any CPU
	EndGlobalSection
	GlobalSection(SolutionProperties) = preSolution
		HideSolutionNode = FALSE
	EndGlobalSection
EndGlobal
